
Microsoft Visual Studio Solution File, Format Version 11.00
# Visual Studio 2010
Project("{8BC9CEB8-8B4A-11D0-8D11-00A0C91BC942}") = "Run Run Mario", "Run Run Mario.vcxproj", "{CC2C9142-CBF4-43D1-A0E7-6704D2D2F06F}"
EndProject
Global
	GlobalSection(SolutionConfigurationPlatforms) = preSolution
		Debug|Win32 = Debug|Win32
		Release|Win32 = Release|Win32
	EndGlobalSection
	GlobalSection(ProjectConfigurationPlatforms) = postSolution
		{CC2C9142-CBF4-43D1-A0E7-6704D2D2F06F}.Debug|Win32.ActiveCfg = Debug|Win32
		{CC2C9142-CBF4-43D1-A0E7-6704D2D2F06F}.Debug|Win32.Build.0 = Debug|Win32
		{CC2C9142-CBF4-43D1-A0E7-6704D2D2F06F}.Release|Win32.ActiveCfg = Release|Win32
		{CC2C9142-CBF4-43D1-A0E7-6704D2D2F06F}.Release|Win32.Build.0 = Release|Win32
	EndGlobalSection
	GlobalSection(SolutionProperties) = preSolution
		HideSolutionNode = FALSE
	EndGlobalSection
EndGlobal
